version = 1
revision = 3
requires-python = "==3.12.*"

[[package]]
name = "charset-normalizer"
version = "3.4.9"
source = { registry = "https://pypi.org/simple" }
sdist = { url = "https://files.pythonhosted.org/packages/bd/2a/23f34ec9d04624958e137efdc394888716353190e75f25dd22c7a2c7a8aa/charset_normalizer-3.4.9.tar.gz", hash = "sha256:673611bbd43f0810bec0b0f028ddeaaa501190339cac411f347ac76917c3ae7b", size = 152439, upload-time = "2026-07-07T14:34:58.454Z" }
wheels = [
    { url = "https://files.pythonhosted.org/packages/70/4a/ecbd131485c07fcdfad54e28946d513e3da22ef3b4bd854dcafae54ec739/charset_normalizer-3.4.9-cp312-cp312-macosx_10_13_universal2.whl", hash = "sha256:45b0cc4e3556cd875e09102988d1ab8356c998b596c9fced84547c8138b487a0", size = 319300, upload-time = "2026-07-07T14:33:15.666Z" },
    { url = "https://files.pythonhosted.org/packages/ec/96/5d9364e3342d69f3a045e1777bc47c85c383e6e9466d561b33fdb419d1f9/charset_normalizer-3.4.9-cp312-cp312-manylinux2014_aarch64.manylinux_2_17_aarch64.manylinux_2_28_aarch64.whl", hash = "sha256:9b2aff1c7b3884512b9512c3eaadd9bab39fb45042ffaaa1dd08ff2b9f8109d9", size = 215802, upload-time = "2026-07-07T14:33:17.031Z" },
    { url = "https://files.pythonhosted.org/packages/4b/4c/5361f9aa7f2cb58d94f2ab831b3d493f69efb1d239654b4744e3c09527cb/charset_normalizer-3.4.9-cp312-cp312-manylinux2014_ppc64le.manylinux_2_17_ppc64le.manylinux_2_28_ppc64le.whl", hash = "sha256:9104ed0bd76a429d46f9ec0dbc9b08ad1d2dcdf2b00a5a0daa1c145329b35b44", size = 237171, upload-time = "2026-07-07T14:33:18.576Z" },
    { url = "https://files.pythonhosted.org/packages/50/78/ce342ca4ff30b2eb49fe6d9578df85974f90c67d294113e94efdd9664cbd/charset_normalizer-3.4.9-cp312-cp312-manylinux2014_s390x.manylinux_2_17_s390x.manylinux_2_28_s390x.whl", hash = "sha256:7b86a2b16095d250c6f58b3d9b2eee6f4147754344f3dab0922f7c9bf7d226c9", size = 233075, upload-time = "2026-07-07T14:33:20.084Z" },
    { url = "https://files.pythonhosted.org/packages/01/c4/4fa4c8b3097a11f3c5f09a35b72ed6855fb1d332469504962ab7bafcc702/charset_normalizer-3.4.9-cp312-cp312-manylinux2014_x86_64.manylinux_2_17_x86_64.manylinux_2_28_x86_64.whl", hash = "sha256:5e226f6218febc71f6c1fc2fafb91c226f75bdc1d8fb12d66823716e891608fd", size = 224256, upload-time = "2026-07-07T14:33:21.747Z" },
    { url = "https://files.pythonhosted.org/packages/87/3a/ad914516df7e358a81aae018caa5e0470ba827fa6d763b1d2e87d920a5f6/charset_normalizer-3.4.9-cp312-cp312-manylinux_2_31_armv7l.whl", hash = "sha256:90c44bc373b7687f6948b693cceaea1348ae0975d7474746559494468e3c1d84", size = 208784, upload-time = "2026-07-07T14:33:23.313Z" },
    { url = "https://files.pythonhosted.org/packages/d7/74/3c12f9755717dfe5c5c87da63f35d765fa0c00382ec26bf23f7fae34f2ba/charset_normalizer-3.4.9-cp312-cp312-manylinux_2_31_riscv64.manylinux_2_39_riscv64.whl", hash = "sha256:9cdef90ae47919cae358d8ab15797a800ed41da7aba5d72419fb510729e2ed4b", size = 219928, upload-time = "2026-07-07T14:33:24.814Z" },
    { url = "https://files.pythonhosted.org/packages/33/9a/895095b83e7907abd6d3d99aad3a38ad0d9686cc186cb0c94c24320fe63e/charset_normalizer-3.4.9-cp312-cp312-musllinux_1_2_aarch64.whl", hash = "sha256:60f44ade2cf573dad7a277e6f8ca9a51a21dda572b13bd7d8539bb3cd5dbedde", size = 218489, upload-time = "2026-07-07T14:33:26.42Z" },
    { url = "https://files.pythonhosted.org/packages/a1/34/ef5c05f412f42520d7709b7d3784d19640839eb7366ded1755511585429f/charset_normalizer-3.4.9-cp312-cp312-musllinux_1_2_armv7l.whl", hash = "sha256:a1786910334ed46ab1dd73222f2cd1e05c2c3bb39f6dddb4f8b36fc382058a39", size = 210267, upload-time = "2026-07-07T14:33:27.952Z" },
    { url = "https://files.pythonhosted.org/packages/83/dc/9b29fa4412b318bf3bfea985c35d67eb55e04b59a7c3f2237168b0e0be6f/charset_normalizer-3.4.9-cp312-cp312-musllinux_1_2_x86_64.whl", hash = "sha256:03d07803992c6c7bbc976327f34b18b6160327fc81cb82c9d504720ac0be3b62", size = 226030, upload-time = "2026-07-07T14:33:29.397Z" },
    { url = "https://files.pythonhosted.org/packages/0e/42/6dbc00b8cd16011691203e33570fa42ed5746599a2e878112d16eab403a3/charset_normalizer-3.4.9-cp312-cp312-win32.whl", hash = "sha256:78841cccf1af7b40f6f716338d50c0902dbe88d9f800b3c973b7a9a0a693a642", size = 151185, upload-time = "2026-07-07T14:33:30.781Z" },
    { url = "https://files.pythonhosted.org/packages/80/cc/f920afd1a23c58ccd53c1d36085a71893a4737ff5e66e0371efab6809850/charset_normalizer-3.4.9-cp312-cp312-win_amd64.whl", hash = "sha256:4b3dac63058cc36820b0dd072f89898604e2d39686fe05321729d00d8ac185a0", size = 162557, upload-time = "2026-07-07T14:33:32.176Z" },
    { url = "https://files.pythonhosted.org/packages/f0/e6/0386d43a261ff4e4b30c5857af7df877254b46bec7b9d1b74b6bf969a90b/charset_normalizer-3.4.9-cp312-cp312-win_arm64.whl", hash = "sha256:78fa18e436a1a0e58dbd7e02fc4473f3f32cceb12df9dfca542d075961c307d2", size = 152665, upload-time = "2026-07-07T14:33:33.711Z" },
    { url = "https://files.pythonhosted.org/packages/98/2b/f97f1c193fb855c345d678f5077d6926034db0722df74c8f057020e05a25/charset_normalizer-3.4.9-py3-none-any.whl", hash = "sha256:68e5f26a1ad57ded6d1cfb85331d1c1a195314756471d97758c48498bb4dcdf5", size = 64538, upload-time = "2026-07-07T14:34:56.993Z" },
]

[[package]]
name = "colorama"
version = "0.4.6"
source = { registry = "https://pypi.org/simple" }
sdist = { url = "https://files.pythonhosted.org/packages/d8/53/6f443c9a4a8358a93a6792e2acffb9d9d5cb0a5cfd8802644b7b1c9a02e4/colorama-0.4.6.tar.gz", hash = "sha256:08695f5cb7ed6e0531a20572697297273c47b8cae5a63ffc6d6ed5c201be6e44", size = 27697, upload-time = "2022-10-25T02:36:22.414Z" }
wheels = [
    { url = "https://files.pythonhosted.org/packages/d1/d6/3965ed04c63042e047cb6a3e6ed1a63a35087b6a609aa3a15ed8ac56c221/colorama-0.4.6-py2.py3-none-any.whl", hash = "sha256:4f1d9991f5acc0ca119f9d443620b77f9d6b33703e51011c16baf57afb285fc6", size = 25335, upload-time = "2022-10-25T02:36:20.889Z" },
]

[[package]]
name = "iniconfig"
version = "2.3.0"
source = { registry = "https://pypi.org/simple" }
sdist = { url = "https://files.pythonhosted.org/packages/72/34/14ca021ce8e5dfedc35312d08ba8bf51fdd999c576889fc2c24cb97f4f10/iniconfig-2.3.0.tar.gz", hash = "sha256:c76315c77db068650d49c5b56314774a7804df16fee4402c1f19d6d15d8c4730", size = 20503, upload-time = "2025-10-18T21:55:43.219Z" }
wheels = [
    { url = "https://files.pythonhosted.org/packages/cb/b1/3846dd7f199d53cb17f49cba7e651e9ce294d8497c8c150530ed11865bb8/iniconfig-2.3.0-py3-none-any.whl", hash = "sha256:f631c04d2c48c52b84d0d0549c99ff3859c98df65b3101406327ecc7d53fbf12", size = 7484, upload-time = "2025-10-18T21:55:41.639Z" },
]

[[package]]
name = "markdown-it-py"
version = "4.2.0"
source = { registry = "https://pypi.org/simple" }
dependencies = [
    { name = "mdurl" },
]
sdist = { url = "https://files.pythonhosted.org/packages/06/ff/7841249c247aa650a76b9ee4bbaeae59370dc8bfd2f6c01f3630c35eb134/markdown_it_py-4.2.0.tar.gz", hash = "sha256:04a21681d6fbb623de53f6f364d352309d4094dd4194040a10fd51833e418d49", size = 82454, upload-time = "2026-05-07T12:08:28.36Z" }
wheels = [
    { url = "https://files.pythonhosted.org/packages/b3/81/4da04ced5a082363ecfa159c010d200ecbd959ae410c10c0264a38cac0f5/markdown_it_py-4.2.0-py3-none-any.whl", hash = "sha256:9f7ebbcd14fe59494226453aed97c1070d83f8d24b6fc3a3bcf9a38092641c4a", size = 91687, upload-time = "2026-05-07T12:08:27.182Z" },
]

[[package]]
name = "mdurl"
version = "0.1.2"
source = { registry = "https://pypi.org/simple" }
sdist = { url = "https://files.pythonhosted.org/packages/d6/54/cfe61301667036ec958cb99bd3efefba235e65cdeb9c84d24a8293ba1d90/mdurl-0.1.2.tar.gz", hash = "sha256:bb413d29f5eea38f31dd4754dd7377d4465116fb207585f97bf925588687c1ba", size = 8729, upload-time = "2022-08-14T12:40:10.846Z" }
wheels = [
    { url = "https://files.pythonhosted.org/packages/b3/38/89ba8ad64ae25be8de66a6d463314cf1eb366222074cfda9ee839c56a4b4/mdurl-0.1.2-py3-none-any.whl", hash = "sha256:84008a41e51615a49fc9966191ff91509e3c40b939176e643fd50a5c2196b8f8", size = 9979, upload-time = "2022-08-14T12:40:09.779Z" },
]

[[package]]
name = "packaging"
version = "26.2"
source = { registry = "https://pypi.org/simple" }
sdist = { url = "https://files.pythonhosted.org/packages/d7/f1/e7a6dd94a8d4a5626c03e4e99c87f241ba9e350cd9e6d75123f992427270/packaging-26.2.tar.gz", hash = "sha256:ff452ff5a3e828ce110190feff1178bb1f2ea2281fa2075aadb987c2fb221661", size = 228134, upload-time = "2026-04-24T20:15:23.917Z" }
wheels = [
    { url = "https://files.pythonhosted.org/packages/df/b2/87e62e8c3e2f4b32e5fe99e0b86d576da1312593b39f47d8ceef365e95ed/packaging-26.2-py3-none-any.whl", hash = "sha256:5fc45236b9446107ff2415ce77c807cee2862cb6fac22b8a73826d0693b0980e", size = 100195, upload-time = "2026-04-24T20:15:22.081Z" },
]

[[package]]
name = "pillow"
version = "12.3.0"
source = { registry = "https://pypi.org/simple" }
sdist = { url = "https://files.pythonhosted.org/packages/1c/3d/bb7fca845737cf9d7dbde16ed1843984665ff2e0a518f5db43e77ec540b9/pillow-12.3.0.tar.gz", hash = "sha256:3b8182a766685eaa002637e28b4ec8d6b18819a0c71f579bf0dbaa5830297cce", size = 47025035, upload-time = "2026-07-01T11:56:38.965Z" }
wheels = [
    { url = "https://files.pythonhosted.org/packages/37/bf/fb3ebff8ddcb76aac5a01389251bbbb9519922a9b520d8247c1ca864a25d/pillow-12.3.0-cp312-cp312-macosx_10_13_x86_64.whl", hash = "sha256:ba09209fbe443b4acccebe845d8a138b89a8f4fbaeedd44953490b5315d5e965", size = 5345969, upload-time = "2026-07-01T11:54:06.397Z" },
    { url = "https://files.pythonhosted.org/packages/d8/66/9a386a92561f402389a4fc70c18838bf6d35eb5eb5c6850b4b2dc64f5048/pillow-12.3.0-cp312-cp312-macosx_11_0_arm64.whl", hash = "sha256:ffd0c5368496f41b0944be820fcb7a838aa6e623d250b01acf2643939c3f99d7", size = 4780323, upload-time = "2026-07-01T11:54:09.351Z" },
    { url = "https://files.pythonhosted.org/packages/25/27/ac8f99618ffd3dde21db0f4d4b1d2ab00c0880595bfd17df103f7f39fd0c/pillow-12.3.0-cp312-cp312-manylinux_2_27_aarch64.manylinux_2_28_aarch64.whl", hash = "sha256:d9c7f76c0673154f044e9d78c8655fb4213f6ca31a836df48b40fe5d187717b9", size = 6266838, upload-time = "2026-07-01T11:54:11.71Z" },
    { url = "https://files.pythonhosted.org/packages/84/21/a35af28dcc61f37ed850a2d64c65c701321dfbf25085e469d5559360cbbf/pillow-12.3.0-cp312-cp312-manylinux_2_27_x86_64.manylinux_2_28_x86_64.whl", hash = "sha256:78cb2c6865a35ab8ff8b75fd122f6033b92a62c82801110e48ddd6c936a45d91", size = 6940830, upload-time = "2026-07-01T11:54:13.732Z" },
    { url = "https://files.pythonhosted.org/packages/eb/51/8b08617af3ad95e33ce6d7dd2c99ed6c8298f7fb131636303956be022e25/pillow-12.3.0-cp312-cp312-musllinux_1_2_aarch64.whl", hash = "sha256:e491916b378fba47242221bb9ead245211b70d504f495d105d17b14a24b4907c", size = 6344383, upload-time = "2026-07-01T11:54:15.756Z" },
    { url = "https://files.pythonhosted.org/packages/1d/72/cf78ac9780bb93c28328f408973845a309d4d145041665f734572ced1b52/pillow-12.3.0-cp312-cp312-musllinux_1_2_x86_64.whl", hash = "sha256:0dd2064cbc55aaec028ef5fbb60fa47bb6c3e7918e07ff17935284b227a9d2df", size = 7052934, upload-time = "2026-07-01T11:54:17.721Z" },
    { url = "https://files.pythonhosted.org/packages/20/20/25e0f4dc178a6bc0696793720055519a0de89e7661dae886992decbd2f81/pillow-12.3.0-cp312-cp312-win32.whl", hash = "sha256:dbce0b29841537a2fa4a214c2bbf14de3587c9680caa9b4e217568472490b28f", size = 6472684, upload-time = "2026-07-01T11:54:19.839Z" },
    { url = "https://files.pythonhosted.org/packages/45/89/da2f7971a317f83d807fdd4065c0af40208e59e692cc43d315a71a0e96d1/pillow-12.3.0-cp312-cp312-win_amd64.whl", hash = "sha256:a2b55dd6b2a4c4b7d87ffa56bdb33fdc5fdb9a462173861a7bc097f17d91cb09", size = 7227137, upload-time = "2026-07-01T11:54:22.025Z" },
    { url = "https://files.pythonhosted.org/packages/de/47/4845a0a6c0dbf1db8456bd9fc791f13c5ced7ced20606d08a0aacfd25b49/pillow-12.3.0-cp312-cp312-win_arm64.whl", hash = "sha256:331b624368d4f1d069149002f25f44bc61c8919ce8ddb3c45bdad8f6e2d89510", size = 2568267, upload-time = "2026-07-01T11:54:24.051Z" },
]

[[package]]
name = "pluggy"
version = "1.6.0"
source = { registry = "https://pypi.org/simple" }
sdist = { url = "https://files.pythonhosted.org/packages/f9/e2/3e91f31a7d2b083fe6ef3fa267035b518369d9511ffab804f839851d2779/pluggy-1.6.0.tar.gz", hash = "sha256:7dcc130b76258d33b90f61b658791dede3486c3e6bfb003ee5c9bfb396dd22f3", size = 69412, upload-time = "2025-05-15T12:30:07.975Z" }
wheels = [
    { url = "https://files.pythonhosted.org/packages/54/20/4d324d65cc6d9205fabedc306948156824eb9f0ee1633355a8f7ec5c66bf/pluggy-1.6.0-py3-none-any.whl", hash = "sha256:e920276dd6813095e9377c0bc5566d94c932c33b27a3e3945d8389c374dd4746", size = 20538, upload-time = "2025-05-15T12:30:06.134Z" },
]

[[package]]
name = "portfolio-book-builder"
version = "0.1.0"
source = { editable = "." }
dependencies = [
    { name = "markdown-it-py" },
    { name = "pillow" },
    { name = "pymupdf" },
    { name = "pypdf" },
    { name = "reportlab" },
]

[package.dev-dependencies]
dev = [
    { name = "pytest" },
]

[package.metadata]
requires-dist = [
    { name = "markdown-it-py", specifier = "==4.2.0" },
    { name = "pillow", specifier = "==12.3.0" },
    { name = "pymupdf", specifier = "==1.28.0" },
    { name = "pypdf", specifier = "==6.14.2" },
    { name = "reportlab", specifier = "==5.0.0" },
]

[package.metadata.requires-dev]
dev = [{ name = "pytest", specifier = "==9.1.1" }]

[[package]]
name = "pygments"
version = "2.20.0"
source = { registry = "https://pypi.org/simple" }
sdist = { url = "https://files.pythonhosted.org/packages/c3/b2/bc9c9196916376152d655522fdcebac55e66de6603a76a02bca1b6414f6c/pygments-2.20.0.tar.gz", hash = "sha256:6757cd03768053ff99f3039c1a36d6c0aa0b263438fcab17520b30a303a82b5f", size = 4955991, upload-time = "2026-03-29T13:29:33.898Z" }
wheels = [
    { url = "https://files.pythonhosted.org/packages/f4/7e/a72dd26f3b0f4f2bf1dd8923c85f7ceb43172af56d63c7383eb62b332364/pygments-2.20.0-py3-none-any.whl", hash = "sha256:81a9e26dd42fd28a23a2d169d86d7ac03b46e2f8b59ed4698fb4785f946d0176", size = 1231151, upload-time = "2026-03-29T13:29:30.038Z" },
]

[[package]]
name = "pymupdf"
version = "1.28.0"
source = { registry = "https://pypi.org/simple" }
sdist = { url = "https://files.pythonhosted.org/packages/8e/e9/6d6c5d6c0a3551bffd47681a6240caf941727f195b45593cf20ab36f018f/pymupdf-1.28.0.tar.gz", hash = "sha256:e53f3567403a92da15caa9e7ae0164327fff48817e9f40175367fb9de524258d", size = 87637751, upload-time = "2026-06-29T09:08:47.547Z" }
wheels = [
    { url = "https://files.pythonhosted.org/packages/c8/b7/88043e38cc7529de070f0c9bd267fa258035cca0b4ad5260536b994594a7/pymupdf-1.28.0-cp310-abi3-macosx_10_15_x86_64.whl", hash = "sha256:892b89ba88e8f98b53133b62877a9dc9b5e7dc6a4aeb837b612db56a8d2e03ac", size = 24597385, upload-time = "2026-06-29T09:03:30.608Z" },
    { url = "https://files.pythonhosted.org/packages/33/f4/23775bbda0781b61fc398cc75079a2b0e64696d8fcf93271748883e9627e/pymupdf-1.28.0-cp310-abi3-macosx_11_0_arm64.whl", hash = "sha256:4d692dcf44d3566ae96bc6f6346c6ad432274a29ba617bf7a9fe18009e24adb4", size = 23828292, upload-time = "2026-06-29T09:03:46.129Z" },
    { url = "https://files.pythonhosted.org/packages/1c/f5/bf75fc7a415722f8b33662054f82d88520c0cbfd4c36d0e08aeaec605e49/pymupdf-1.28.0-cp310-abi3-manylinux_2_28_aarch64.whl", hash = "sha256:47a5c29ed4eb0744de9c4e37bb49b1259b18d4d75fcc8a7c130f7c9fa15956f6", size = 25045507, upload-time = "2026-06-29T09:04:03.86Z" },
    { url = "https://files.pythonhosted.org/packages/58/69/5d12c9f1f2d76f28383d6110a069c79fbfced5a4f97bb1ee6e8354f52bb7/pymupdf-1.28.0-cp310-abi3-manylinux_2_28_x86_64.whl", hash = "sha256:44f0973f5e5edbaec95bc34b64e71d1959d4ee90b1328de1b4f4f5b4fa78673f", size = 25716599, upload-time = "2026-06-29T09:04:19.367Z" },
    { url = "https://files.pythonhosted.org/packages/4d/b4/ec0e017bc42857cc86bd651441dbc41cc18be48d4698ecd27aac491e0c9a/pymupdf-1.28.0-cp310-abi3-musllinux_1_2_x86_64.whl", hash = "sha256:4d61ec323a706e153a12e262e51febfb43eeaa20977785ace135d18d48bcdc83", size = 25940489, upload-time = "2026-06-29T09:04:36.624Z" },
    { url = "https://files.pythonhosted.org/packages/06/86/f831fef09013f33b3c9c09fb3923f2ff53e1e437f6ace14b8ae46392f558/pymupdf-1.28.0-cp310-abi3-win32.whl", hash = "sha256:caea2b3b67347fd79e5d15ed7929b0e886aac594ea228073b6d39de0078189da", size = 18489703, upload-time = "2026-06-29T20:50:30.599Z" },
    { url = "https://files.pythonhosted.org/packages/2e/5d/1a03f53eb0449900469335fcfc742ca28e3ba159b7d650e0921d50b8b308/pymupdf-1.28.0-cp310-abi3-win_amd64.whl", hash = "sha256:e01e90fd86abfeb37ceb921eddb951f988a11d45ff6ce6b7664f2039849068ec", size = 19773102, upload-time = "2026-06-29T09:04:49.773Z" },
    { url = "https://files.pythonhosted.org/packages/72/f6/1e52ce243ca792254f6223b4017c5667194c146ce9b88baf37bc5eb3d1c9/pymupdf-1.28.0-cp313-abi3-pyemscripten_2025_0_wasm32.whl", hash = "sha256:74c6d00ba2a9aad3a635db73b07c15db462b480741d831a34a75a56535ebc22b", size = 18357011, upload-time = "2026-06-29T20:50:50.353Z" },
]

[[package]]
name = "pypdf"
version = "6.14.2"
source = { registry = "https://pypi.org/simple" }
sdist = { url = "https://files.pythonhosted.org/packages/03/72/7dfd5ff1c9c37de97a731701f51af091325f123d9d4270361c9c69e4431f/pypdf-6.14.2.tar.gz", hash = "sha256:7873f502fe4385e79539b21d872392dc0c4e3714327c15881cbc7fbfd1f95b25", size = 6491182, upload-time = "2026-06-23T14:18:30.859Z" }
wheels = [
    { url = "https://files.pythonhosted.org/packages/49/e6/136aa8993a2ae7214e0b0ef2edaa0d2e08d1d4e4982635b08a835ff31ec8/pypdf-6.14.2-py3-none-any.whl", hash = "sha256:3f07891af76dc002657e04993ab9b4de81de29f9013b9761d0b7968bff12e946", size = 349514, upload-time = "2026-06-23T14:18:28.867Z" },
]

[[package]]
name = "pytest"
version = "9.1.1"
source = { registry = "https://pypi.org/simple" }
dependencies = [
    { name = "colorama", marker = "sys_platform == 'win32'" },
    { name = "iniconfig" },
    { name = "packaging" },
    { name = "pluggy" },
    { name = "pygments" },
]
sdist = { url = "https://files.pythonhosted.org/packages/e4/47/b9efed96c114afcfa3c9d3fe98a76a1d14c74a9e266d397cf6eb64be5e01/pytest-9.1.1.tar.gz", hash = "sha256:1088fbde8f2b49d95a549a195707afa7a76a3ce9bcadc26b6d71f0ffda5fe313", size = 1636369, upload-time = "2026-06-19T10:58:32.857Z" }
wheels = [
    { url = "https://files.pythonhosted.org/packages/24/25/1de2678b631f5a49215c6c96fff41ba892b0a34df68d6d80292b1b48aa7f/pytest-9.1.1-py3-none-any.whl", hash = "sha256:37a86b45efb9a47a61a36449063e8e18d0cab3161329fc099eb21783169c4f0c", size = 386536, upload-time = "2026-06-19T10:58:31.347Z" },
]

[[package]]
name = "reportlab"
version = "5.0.0"
source = { registry = "https://pypi.org/simple" }
dependencies = [
    { name = "charset-normalizer" },
    { name = "pillow" },
]
sdist = { url = "https://files.pythonhosted.org/packages/41/d6/4b7b0cf56880eb96533e607967be6a939e344675601e033d113a0bfa1f4e/reportlab-5.0.0.tar.gz", hash = "sha256:e4494a0c6623ae213bb856fba523171b2b54a7bf629fda02d5e525a7b899a784", size = 3701928, upload-time = "2026-06-18T11:34:31.145Z" }
wheels = [
    { url = "https://files.pythonhosted.org/packages/a3/07/70085c17a369605f15e301d10ab902115019b1126c7253d964afc230c7d6/reportlab-5.0.0-py3-none-any.whl", hash = "sha256:9d5a3affa84919e1111ede580031266a570e93b1ce388219621347965ff1d93c", size = 1956710, upload-time = "2026-06-18T11:34:29.07Z" },
]
